// !$*UTF8*$!
{
	archiveVersion = 1;
	classes = {
	};
	objectVersion = 46;
	objects = {

/* Begin PBXBuildFile section */
		7415190E1F4E8FC200AA2230 /* ViewControllerExtensions.swift in Sources */ = {isa = PBXBuildFile; fileRef = 7415190D1F4E8FC200AA2230 /* ViewControllerExtensions.swift */; };
		741519101F4E904200AA2230 /* LocationManager.swift in Sources */ = {isa = PBXBuildFile; fileRef = 7415190F1F4E904200AA2230 /* LocationManager.swift */; };
		743C54851F3D561B00141A0F /* LocationExtensions.swift in Sources */ = {isa = PBXBuildFile; fileRef = 743C54841F3D561B00141A0F /* LocationExtensions.swift */; };
		743E06AA1F44060300D23DAF /* Realm.framework in Frameworks */ = {isa = PBXBuildFile; fileRef = 743E06A81F44060300D23DAF /* Realm.framework */; };
		743E06AB1F44060300D23DAF /* Realm.framework in Embed Frameworks */ = {isa = PBXBuildFile; fileRef = 743E06A81F44060300D23DAF /* Realm.framework */; settings = {ATTRIBUTES = (CodeSignOnCopy, RemoveHeadersOnCopy, ); }; };
		743E06AC1F44060300D23DAF /* RealmSwift.framework in Frameworks */ = {isa = PBXBuildFile; fileRef = 743E06A91F44060300D23DAF /* RealmSwift.framework */; };
		743E06AD1F44060300D23DAF /* RealmSwift.framework in Embed Frameworks */ = {isa = PBXBuildFile; fileRef = 743E06A91F44060300D23DAF /* RealmSwift.framework */; settings = {ATTRIBUTES = (CodeSignOnCopy, RemoveHeadersOnCopy, ); }; };
		743E06B31F44175D00D23DAF /* Location.swift in Sources */ = {isa = PBXBuildFile; fileRef = 743E06B21F44175D00D23DAF /* Location.swift */; };
		74B6E8A81F3D765B00F46B10 /* WeatherCollectionVC.swift in Sources */ = {isa = PBXBuildFile; fileRef = 74B6E8A71F3D765B00F46B10 /* WeatherCollectionVC.swift */; };
		74B6E8AA1F3D786000F46B10 /* WeatherCell.swift in Sources */ = {isa = PBXBuildFile; fileRef = 74B6E8A91F3D786000F46B10 /* WeatherCell.swift */; };
		74B6E8AE1F3E4C6500F46B10 /* CitySearchVC.swift in Sources */ = {isa = PBXBuildFile; fileRef = 74B6E8AD1F3E4C6500F46B10 /* CitySearchVC.swift */; };
		74B6E8B01F3E674000F46B10 /* Loading.swift in Sources */ = {isa = PBXBuildFile; fileRef = 74B6E8AF1F3E674000F46B10 /* Loading.swift */; };
		74B6E8B31F3E67EA00F46B10 /* NotificationExtensions.swift in Sources */ = {isa = PBXBuildFile; fileRef = 74B6E8B21F3E67EA00F46B10 /* NotificationExtensions.swift */; };
		74B6E8B71F3FC4CA00F46B10 /* WeatherDetailVC.swift in Sources */ = {isa = PBXBuildFile; fileRef = 74B6E8B61F3FC4CA00F46B10 /* WeatherDetailVC.swift */; };
		74B6E8B91F3FC67400F46B10 /* WeatherTableViewCell.swift in Sources */ = {isa = PBXBuildFile; fileRef = 74B6E8B81F3FC67400F46B10 /* WeatherTableViewCell.swift */; };
		74B6E8BD1F3FE29200F46B10 /* NetworkStatus.swift in Sources */ = {isa = PBXBuildFile; fileRef = 74B6E8BC1F3FE29200F46B10 /* NetworkStatus.swift */; };
		74CD43321F3ACA5F004BD368 /* AppDelegate.swift in Sources */ = {isa = PBXBuildFile; fileRef = 74CD43311F3ACA5F004BD368 /* AppDelegate.swift */; };
		74CD43371F3ACA5F004BD368 /* Main.storyboard in Resources */ = {isa = PBXBuildFile; fileRef = 74CD43351F3ACA5F004BD368 /* Main.storyboard */; };
		74CD433C1F3ACA5F004BD368 /* Assets.xcassets in Resources */ = {isa = PBXBuildFile; fileRef = 74CD433B1F3ACA5F004BD368 /* Assets.xcassets */; };
		74CD433F1F3ACA5F004BD368 /* LaunchScreen.storyboard in Resources */ = {isa = PBXBuildFile; fileRef = 74CD433D1F3ACA5F004BD368 /* LaunchScreen.storyboard */; };
		74CD434E1F3ACDE2004BD368 /* WeatherApiManager.swift in Sources */ = {isa = PBXBuildFile; fileRef = 74CD434D1F3ACDE2004BD368 /* WeatherApiManager.swift */; };
		74CD43521F3B5F94004BD368 /* Library.swift in Sources */ = {isa = PBXBuildFile; fileRef = 74CD43511F3B5F94004BD368 /* Library.swift */; };
		74D82C701F4BD205002D5F3F /* RealmManager.swift in Sources */ = {isa = PBXBuildFile; fileRef = 74D82C6F1F4BD205002D5F3F /* RealmManager.swift */; };
/* End PBXBuildFile section */

/* Begin PBXCopyFilesBuildPhase section */
		743E06AE1F44060400D23DAF /* Embed Frameworks */ = {
			isa = PBXCopyFilesBuildPhase;
			buildActionMask = 2147483647;
			dstPath = "";
			dstSubfolderSpec = 10;
			files = (
				743E06AD1F44060300D23DAF /* RealmSwift.framework in Embed Frameworks */,
				743E06AB1F44060300D23DAF /* Realm.framework in Embed Frameworks */,
			);
			name = "Embed Frameworks";
			runOnlyForDeploymentPostprocessing = 0;
		};
/* End PBXCopyFilesBuildPhase section */

/* Begin PBXFileReference section */
		7415190D1F4E8FC200AA2230 /* ViewControllerExtensions.swift */ = {isa = PBXFileReference; fileEncoding = 4; lastKnownFileType = sourcecode.swift; path = ViewControllerExtensions.swift; sourceTree = "<group>"; };
		7415190F1F4E904200AA2230 /* LocationManager.swift */ = {isa = PBXFileReference; fileEncoding = 4; lastKnownFileType = sourcecode.swift; path = LocationManager.swift; sourceTree = "<group>"; };
		743C54841F3D561B00141A0F /* LocationExtensions.swift */ = {isa = PBXFileReference; fileEncoding = 4; lastKnownFileType = sourcecode.swift; path = LocationExtensions.swift; sourceTree = "<group>"; };
		743E06A81F44060300D23DAF /* Realm.framework */ = {isa = PBXFileReference; lastKnownFileType = wrapper.framework; path = Realm.framework; sourceTree = "<group>"; };
		743E06A91F44060300D23DAF /* RealmSwift.framework */ = {isa = PBXFileReference; lastKnownFileType = wrapper.framework; path = RealmSwift.framework; sourceTree = "<group>"; };
		743E06B21F44175D00D23DAF /* Location.swift */ = {isa = PBXFileReference; fileEncoding = 4; lastKnownFileType = sourcecode.swift; path = Location.swift; sourceTree = "<group>"; };
		74B6E8A71F3D765B00F46B10 /* WeatherCollectionVC.swift */ = {isa = PBXFileReference; fileEncoding = 4; lastKnownFileType = sourcecode.swift; path = WeatherCollectionVC.swift; sourceTree = "<group>"; };
		74B6E8A91F3D786000F46B10 /* WeatherCell.swift */ = {isa = PBXFileReference; fileEncoding = 4; lastKnownFileType = sourcecode.swift; path = WeatherCell.swift; sourceTree = "<group>"; };
		74B6E8AD1F3E4C6500F46B10 /* CitySearchVC.swift */ = {isa = PBXFileReference; fileEncoding = 4; lastKnownFileType = sourcecode.swift; path = CitySearchVC.swift; sourceTree = "<group>"; };
		74B6E8AF1F3E674000F46B10 /* Loading.swift */ = {isa = PBXFileReference; fileEncoding = 4; lastKnownFileType = sourcecode.swift; path = Loading.swift; sourceTree = "<group>"; };
		74B6E8B21F3E67EA00F46B10 /* NotificationExtensions.swift */ = {isa = PBXFileReference; fileEncoding = 4; lastKnownFileType = sourcecode.swift; path = NotificationExtensions.swift; sourceTree = "<group>"; };
		74B6E8B61F3FC4CA00F46B10 /* WeatherDetailVC.swift */ = {isa = PBXFileReference; fileEncoding = 4; lastKnownFileType = sourcecode.swift; path = WeatherDetailVC.swift; sourceTree = "<group>"; };
		74B6E8B81F3FC67400F46B10 /* WeatherTableViewCell.swift */ = {isa = PBXFileReference; fileEncoding = 4; lastKnownFileType = sourcecode.swift; path = WeatherTableViewCell.swift; sourceTree = "<group>"; };
		74B6E8BC1F3FE29200F46B10 /* NetworkStatus.swift */ = {isa = PBXFileReference; fileEncoding = 4; lastKnownFileType = sourcecode.swift; path = NetworkStatus.swift; sourceTree = "<group>"; };
		74CD432E1F3ACA5F004BD368 /* SimpleWeather!.app */ = {isa = PBXFileReference; explicitFileType = wrapper.application; includeInIndex = 0; path = "SimpleWeather!.app"; sourceTree = BUILT_PRODUCTS_DIR; };
		74CD43311F3ACA5F004BD368 /* AppDelegate.swift */ = {isa = PBXFileReference; lastKnownFileType = sourcecode.swift; path = AppDelegate.swift; sourceTree = "<group>"; };
		74CD43361F3ACA5F004BD368 /* Base */ = {isa = PBXFileReference; lastKnownFileType = file.storyboard; name = Base; path = Base.lproj/Main.storyboard; sourceTree = "<group>"; };
		74CD433B1F3ACA5F004BD368 /* Assets.xcassets */ = {isa = PBXFileReference; lastKnownFileType = folder.assetcatalog; path = Assets.xcassets; sourceTree = "<group>"; };
		74CD433E1F3ACA5F004BD368 /* Base */ = {isa = PBXFileReference; lastKnownFileType = file.storyboard; name = Base; path = Base.lproj/LaunchScreen.storyboard; sourceTree = "<group>"; };
		74CD43401F3ACA5F004BD368 /* Info.plist */ = {isa = PBXFileReference; lastKnownFileType = text.plist.xml; path = Info.plist; sourceTree = "<group>"; };
		74CD434D1F3ACDE2004BD368 /* WeatherApiManager.swift */ = {isa = PBXFileReference; fileEncoding = 4; lastKnownFileType = sourcecode.swift; path = WeatherApiManager.swift; sourceTree = "<group>"; };
		74CD43511F3B5F94004BD368 /* Library.swift */ = {isa = PBXFileReference; fileEncoding = 4; lastKnownFileType = sourcecode.swift; path = Library.swift; sourceTree = "<group>"; };
		74D82C6F1F4BD205002D5F3F /* RealmManager.swift */ = {isa = PBXFileReference; fileEncoding = 4; lastKnownFileType = sourcecode.swift; path = RealmManager.swift; sourceTree = "<group>"; };
/* End PBXFileReference section */

/* Begin PBXFrameworksBuildPhase section */
		74CD432B1F3ACA5F004BD368 /* Frameworks */ = {
			isa = PBXFrameworksBuildPhase;
			buildActionMask = 2147483647;
			files = (
				743E06AC1F44060300D23DAF /* RealmSwift.framework in Frameworks */,
				743E06AA1F44060300D23DAF /* Realm.framework in Frameworks */,
			);
			runOnlyForDeploymentPostprocessing = 0;
		};
/* End PBXFrameworksBuildPhase section */

/* Begin PBXGroup section */
		74B6E8B11F3E67CA00F46B10 /* Extensions */ = {
			isa = PBXGroup;
			children = (
				74B6E8B21F3E67EA00F46B10 /* NotificationExtensions.swift */,
				743C54841F3D561B00141A0F /* LocationExtensions.swift */,
				7415190D1F4E8FC200AA2230 /* ViewControllerExtensions.swift */,
			);
			name = Extensions;
			sourceTree = "<group>";
		};
		74CD43251F3ACA5F004BD368 = {
			isa = PBXGroup;
			children = (
				743E06A81F44060300D23DAF /* Realm.framework */,
				743E06A91F44060300D23DAF /* RealmSwift.framework */,
				74CD43301F3ACA5F004BD368 /* SimpleWeather! */,
				74CD432F1F3ACA5F004BD368 /* Products */,
			);
			sourceTree = "<group>";
		};
		74CD432F1F3ACA5F004BD368 /* Products */ = {
			isa = PBXGroup;
			children = (
				74CD432E1F3ACA5F004BD368 /* SimpleWeather!.app */,
			);
			name = Products;
			sourceTree = "<group>";
		};
		74CD43301F3ACA5F004BD368 /* SimpleWeather! */ = {
			isa = PBXGroup;
			children = (
				74CD434A1F3ACD67004BD368 /* Model */,
				74CD43491F3ACD60004BD368 /* View */,
				74CD43481F3ACD5E004BD368 /* Controller */,
				74B6E8B11F3E67CA00F46B10 /* Extensions */,
				74CD43461F3ACD56004BD368 /* Services */,
				74CD43311F3ACA5F004BD368 /* AppDelegate.swift */,
				74CD43351F3ACA5F004BD368 /* Main.storyboard */,
				74CD433B1F3ACA5F004BD368 /* Assets.xcassets */,
				74CD433D1F3ACA5F004BD368 /* LaunchScreen.storyboard */,
				74CD43401F3ACA5F004BD368 /* Info.plist */,
			);
			path = "SimpleWeather!";
			sourceTree = "<group>";
		};
		74CD43461F3ACD56004BD368 /* Services */ = {
			isa = PBXGroup;
			children = (
				7415190F1F4E904200AA2230 /* LocationManager.swift */,
				74D82C6F1F4BD205002D5F3F /* RealmManager.swift */,
				74CD43511F3B5F94004BD368 /* Library.swift */,
				74CD434D1F3ACDE2004BD368 /* WeatherApiManager.swift */,
				74B6E8BC1F3FE29200F46B10 /* NetworkStatus.swift */,
			);
			name = Services;
			sourceTree = "<group>";
		};
		74CD43481F3ACD5E004BD368 /* Controller */ = {
			isa = PBXGroup;
			children = (
				74B6E8A71F3D765B00F46B10 /* WeatherCollectionVC.swift */,
				74B6E8AD1F3E4C6500F46B10 /* CitySearchVC.swift */,
				74B6E8B61F3FC4CA00F46B10 /* WeatherDetailVC.swift */,
			);
			name = Controller;
			sourceTree = "<group>";
		};
		74CD43491F3ACD60004BD368 /* View */ = {
			isa = PBXGroup;
			children = (
				74B6E8A91F3D786000F46B10 /* WeatherCell.swift */,
				74B6E8B81F3FC67400F46B10 /* WeatherTableViewCell.swift */,
				74B6E8AF1F3E674000F46B10 /* Loading.swift */,
			);
			name = View;
			sourceTree = "<group>";
		};
		74CD434A1F3ACD67004BD368 /* Model */ = {
			isa = PBXGroup;
			children = (
				743E06B21F44175D00D23DAF /* Location.swift */,
			);
			name = Model;
			sourceTree = "<group>";
		};
/* End PBXGroup section */

/* Begin PBXNativeTarget section */
		74CD432D1F3ACA5F004BD368 /* SimpleWeather! */ = {
			isa = PBXNativeTarget;
			buildConfigurationList = 74CD43431F3ACA5F004BD368 /* Build configuration list for PBXNativeTarget "SimpleWeather!" */;
			buildPhases = (
				74CD432A1F3ACA5F004BD368 /* Sources */,
				74CD432B1F3ACA5F004BD368 /* Frameworks */,
				74CD432C1F3ACA5F004BD368 /* Resources */,
				743E06AE1F44060400D23DAF /* Embed Frameworks */,
				743E06AF1F44062900D23DAF /* Run Script */,
			);
			buildRules = (
			);
			dependencies = (
			);
			name = "SimpleWeather!";
			productName = "SimpleWeather!";
			productReference = 74CD432E1F3ACA5F004BD368 /* SimpleWeather!.app */;
			productType = "com.apple.product-type.application";
		};
/* End PBXNativeTarget section */

/* Begin PBXProject section */
		74CD43261F3ACA5F004BD368 /* Project object */ = {
			isa = PBXProject;
			attributes = {
				LastSwiftUpdateCheck = 0830;
				LastUpgradeCheck = 0830;
				ORGANIZATIONNAME = "Daniel Legler";
				TargetAttributes = {
					74CD432D1F3ACA5F004BD368 = {
						CreatedOnToolsVersion = 8.3.3;
						DevelopmentTeam = NZ4TW8FFF3;
						ProvisioningStyle = Automatic;
					};
				};
			};
			buildConfigurationList = 74CD43291F3ACA5F004BD368 /* Build configuration list for PBXProject "SimpleWeather!" */;
			compatibilityVersion = "Xcode 3.2";
			developmentRegion = English;
			hasScannedForEncodings = 0;
			knownRegions = (
				en,
				Base,
			);
			mainGroup = 74CD43251F3ACA5F004BD368;
			productRefGroup = 74CD432F1F3ACA5F004BD368 /* Products */;
			projectDirPath = "";
			projectRoot = "";
			targets = (
				74CD432D1F3ACA5F004BD368 /* SimpleWeather! */,
			);
		};
/* End PBXProject section */

/* Begin PBXResourcesBuildPhase section */
		74CD432C1F3ACA5F004BD368 /* Resources */ = {
			isa = PBXResourcesBuildPhase;
			buildActionMask = 2147483647;
			files = (
				74CD433F1F3ACA5F004BD368 /* LaunchScreen.storyboard in Resources */,
				74CD433C1F3ACA5F004BD368 /* Assets.xcassets in Resources */,
				74CD43371F3ACA5F004BD368 /* Main.storyboard in Resources */,
			);
			runOnlyForDeploymentPostprocessing = 0;
		};
/* End PBXResourcesBuildPhase section */

/* Begin PBXShellScriptBuildPhase section */
		743E06AF1F44062900D23DAF /* Run Script */ = {
			isa = PBXShellScriptBuildPhase;
			buildActionMask = 2147483647;
			files = (
			);
			inputPaths = (
			);
			name = "Run Script";
			outputPaths = (
			);
			runOnlyForDeploymentPostprocessing = 0;
			shellPath = /bin/sh;
			shellScript = "bash \"${BUILT_PRODUCTS_DIR}/${FRAMEWORKS_FOLDER_PATH}/Realm.framework/strip-frameworks.sh\"";
		};
/* End PBXShellScriptBuildPhase section */

/* Begin PBXSourcesBuildPhase section */
		74CD432A1F3ACA5F004BD368 /* Sources */ = {
			isa = PBXSourcesBuildPhase;
			buildActionMask = 2147483647;
			files = (
				743C54851F3D561B00141A0F /* LocationExtensions.swift in Sources */,
				74B6E8B01F3E674000F46B10 /* Loading.swift in Sources */,
				74B6E8B71F3FC4CA00F46B10 /* WeatherDetailVC.swift in Sources */,
				74B6E8B91F3FC67400F46B10 /* WeatherTableViewCell.swift in Sources */,
				741519101F4E904200AA2230 /* LocationManager.swift in Sources */,
				74CD43521F3B5F94004BD368 /* Library.swift in Sources */,
				74D82C701F4BD205002D5F3F /* RealmManager.swift in Sources */,
				74CD434E1F3ACDE2004BD368 /* WeatherApiManager.swift in Sources */,
				74B6E8AE1F3E4C6500F46B10 /* CitySearchVC.swift in Sources */,
				74B6E8AA1F3D786000F46B10 /* WeatherCell.swift in Sources */,
				74B6E8A81F3D765B00F46B10 /* WeatherCollectionVC.swift in Sources */,
				74CD43321F3ACA5F004BD368 /* AppDelegate.swift in Sources */,
				74B6E8BD1F3FE29200F46B10 /* NetworkStatus.swift in Sources */,
				743E06B31F44175D00D23DAF /* Location.swift in Sources */,
				7415190E1F4E8FC200AA2230 /* ViewControllerExtensions.swift in Sources */,
				74B6E8B31F3E67EA00F46B10 /* NotificationExtensions.swift in Sources */,
			);
			runOnlyForDeploymentPostprocessing = 0;
		};
/* End PBXSourcesBuildPhase section */

/* Begin PBXVariantGroup section */
		74CD43351F3ACA5F004BD368 /* Main.storyboard */ = {
			isa = PBXVariantGroup;
			children = (
				74CD43361F3ACA5F004BD368 /* Base */,
			);
			name = Main.storyboard;
			sourceTree = "<group>";
		};
		74CD433D1F3ACA5F004BD368 /* LaunchScreen.storyboard */ = {
			isa = PBXVariantGroup;
			children = (
				74CD433E1F3ACA5F004BD368 /* Base */,
			);
			name = LaunchScreen.storyboard;
			sourceTree = "<group>";
		};
/* End PBXVariantGroup section */

/* Begin XCBuildConfiguration section */
		74CD43411F3ACA5F004BD368 /* Debug */ = {
			isa = XCBuildConfiguration;
			buildSettings = {
				ALWAYS_SEARCH_USER_PATHS = NO;
				CLANG_ANALYZER_NONNULL = YES;
				CLANG_ANALYZER_NUMBER_OBJECT_CONVERSION = YES_AGGRESSIVE;
				CLANG_CXX_LANGUAGE_STANDARD = "gnu++0x";
				CLANG_CXX_LIBRARY = "libc++";
				CLANG_ENABLE_MODULES = YES;
				CLANG_ENABLE_OBJC_ARC = YES;
				CLANG_WARN_BOOL_CONVERSION = YES;
				CLANG_WARN_CONSTANT_CONVERSION = YES;
				CLANG_WARN_DIRECT_OBJC_ISA_USAGE = YES_ERROR;
				CLANG_WARN_DOCUMENTATION_COMMENTS = YES;
				CLANG_WARN_EMPTY_BODY = YES;
				CLANG_WARN_ENUM_CONVERSION = YES;
				CLANG_WARN_INFINITE_RECURSION = YES;
				CLANG_WARN_INT_CONVERSION = YES;
				CLANG_WARN_OBJC_ROOT_CLASS = YES_ERROR;
				CLANG_WARN_SUSPICIOUS_MOVE = YES;
				CLANG_WARN_UNREACHABLE_CODE = YES;
				CLANG_WARN__DUPLICATE_METHOD_MATCH = YES;
				"CODE_SIGN_IDENTITY[sdk=iphoneos*]" = "iPhone Developer";
				COPY_PHASE_STRIP = NO;
				DEBUG_INFORMATION_FORMAT = dwarf;
				ENABLE_STRICT_OBJC_MSGSEND = YES;
				ENABLE_TESTABILITY = YES;
				GCC_C_LANGUAGE_STANDARD = gnu99;
				GCC_DYNAMIC_NO_PIC = NO;
				GCC_NO_COMMON_BLOCKS = YES;
				GCC_OPTIMIZATION_LEVEL = 0;
				GCC_PREPROCESSOR_DEFINITIONS = (
					"DEBUG=1",
					"$(inherited)",
				);
				GCC_WARN_64_TO_32_BIT_CONVERSION = YES;
				GCC_WARN_ABOUT_RETURN_TYPE = YES_ERROR;
				GCC_WARN_UNDECLARED_SELECTOR = YES;
				GCC_WARN_UNINITIALIZED_AUTOS = YES_AGGRESSIVE;
				GCC_WARN_UNUSED_FUNCTION = YES;
				GCC_WARN_UNUSED_VARIABLE = YES;
				IPHONEOS_DEPLOYMENT_TARGET = 10.3;
				MTL_ENABLE_DEBUG_INFO = YES;
				ONLY_ACTIVE_ARCH = YES;
				SDKROOT = iphoneos;
				SWIFT_ACTIVE_COMPILATION_CONDITIONS = DEBUG;
				SWIFT_OPTIMIZATION_LEVEL = "-Onone";
			};
			name = Debug;
		};
		74CD43421F3ACA5F004BD368 /* Release */ = {
			isa = XCBuildConfiguration;
			buildSettings = {
				ALWAYS_SEARCH_USER_PATHS = NO;
				CLANG_ANALYZER_NONNULL = YES;
				CLANG_ANALYZER_NUMBER_OBJECT_CONVERSION = YES_AGGRESSIVE;
				CLANG_CXX_LANGUAGE_STANDARD = "gnu++0x";
				CLANG_CXX_LIBRARY = "libc++";
				CLANG_ENABLE_MODULES = YES;
				CLANG_ENABLE_OBJC_ARC = YES;
				CLANG_WARN_BOOL_CONVERSION = YES;
				CLANG_WARN_CONSTANT_CONVERSION = YES;
				CLANG_WARN_DIRECT_OBJC_ISA_USAGE = YES_ERROR;
				CLANG_WARN_DOCUMENTATION_COMMENTS = YES;
				CLANG_WARN_EMPTY_BODY = YES;
				CLANG_WARN_ENUM_CONVERSION = YES;
				CLANG_WARN_INFINITE_RECURSION = YES;
				CLANG_WARN_INT_CONVERSION = YES;
				CLANG_WARN_OBJC_ROOT_CLASS = YES_ERROR;
				CLANG_WARN_SUSPICIOUS_MOVE = YES;
				CLANG_WARN_UNREACHABLE_CODE = YES;
				CLANG_WARN__DUPLICATE_METHOD_MATCH = YES;
				"CODE_SIGN_IDENTITY[sdk=iphoneos*]" = "iPhone Developer";
				COPY_PHASE_STRIP = NO;
				DEBUG_INFORMATION_FORMAT = "dwarf-with-dsym";
				ENABLE_NS_ASSERTIONS = NO;
				ENABLE_STRICT_OBJC_MSGSEND = YES;
				GCC_C_LANGUAGE_STANDARD = gnu99;
				GCC_NO_COMMON_BLOCKS = YES;
				GCC_WARN_64_TO_32_BIT_CONVERSION = YES;
				GCC_WARN_ABOUT_RETURN_TYPE = YES_ERROR;
				GCC_WARN_UNDECLARED_SELECTOR = YES;
				GCC_WARN_UNINITIALIZED_AUTOS = YES_AGGRESSIVE;
				GCC_WARN_UNUSED_FUNCTION = YES;
				GCC_WARN_UNUSED_VARIABLE = YES;
				IPHONEOS_DEPLOYMENT_TARGET = 10.3;
				MTL_ENABLE_DEBUG_INFO = NO;
				SDKROOT = iphoneos;
				SWIFT_OPTIMIZATION_LEVEL = "-Owholemodule";
				VALIDATE_PRODUCT = YES;
			};
			name = Release;
		};
		74CD43441F3ACA5F004BD368 /* Debug */ = {
			isa = XCBuildConfiguration;
			buildSettings = {
				ASSETCATALOG_COMPILER_APPICON_NAME = AppIcon;
				DEVELOPMENT_TEAM = NZ4TW8FFF3;
				FRAMEWORK_SEARCH_PATHS = (
					"$(inherited)",
					"$(PROJECT_DIR)",
				);
				INFOPLIST_FILE = "SimpleWeather!/Info.plist";
				LD_RUNPATH_SEARCH_PATHS = "$(inherited) @executable_path/Frameworks";
				PRODUCT_BUNDLE_IDENTIFIER = com.legler.WeatherAppV3;
				PRODUCT_NAME = "$(TARGET_NAME)";
				SWIFT_VERSION = 3.0;
			};
			name = Debug;
		};
		74CD43451F3ACA5F004BD368 /* Release */ = {
			isa = XCBuildConfiguration;
			buildSettings = {
				ASSETCATALOG_COMPILER_APPICON_NAME = AppIcon;
				DEVELOPMENT_TEAM = NZ4TW8FFF3;
				FRAMEWORK_SEARCH_PATHS = (
					"$(inherited)",
					"$(PROJECT_DIR)",
				);
				INFOPLIST_FILE = "SimpleWeather!/Info.plist";
				LD_RUNPATH_SEARCH_PATHS = "$(inherited) @executable_path/Frameworks";
				PRODUCT_BUNDLE_IDENTIFIER = com.legler.WeatherAppV3;
				PRODUCT_NAME = "$(TARGET_NAME)";
				SWIFT_VERSION = 3.0;
			};
			name = Release;
		};
/* End XCBuildConfiguration section */

/* Begin XCConfigurationList section */
		74CD43291F3ACA5F004BD368 /* Build configuration list for PBXProject "SimpleWeather!" */ = {
			isa = XCConfigurationList;
			buildConfigurations = (
				74CD43411F3ACA5F004BD368 /* Debug */,
				74CD43421F3ACA5F004BD368 /* Release */,
			);
			defaultConfigurationIsVisible = 0;
			defaultConfigurationName = Release;
		};
		74CD43431F3ACA5F004BD368 /* Build configuration list for PBXNativeTarget "SimpleWeather!" */ = {
			isa = XCConfigurationList;
			buildConfigurations = (
				74CD43441F3ACA5F004BD368 /* Debug */,
				74CD43451F3ACA5F004BD368 /* Release */,
			);
			defaultConfigurationIsVisible = 0;
			defaultConfigurationName = Release;
		};
/* End XCConfigurationList section */
	};
	rootObject = 74CD43261F3ACA5F004BD368 /* Project object */;
}
