// !$*UTF8*$!
{
	archiveVersion = 1;
	classes = {
	};
	objectVersion = 46;
	objects = {

/* Begin PBXBuildFile section */
		74CD43321F3ACA5F004BD368 /* AppDelegate.swift in Sources */ = {isa = PBXBuildFile; fileRef = 74CD43311F3ACA5F004BD368 /* AppDelegate.swift */; };
		74CD43341F3ACA5F004BD368 /* ViewController.swift in Sources */ = {isa = PBXBuildFile; fileRef = 74CD43331F3ACA5F004BD368 /* ViewController.swift */; };
		74CD43371F3ACA5F004BD368 /* Main.storyboard in Resources */ = {isa = PBXBuildFile; fileRef = 74CD43351F3ACA5F004BD368 /* Main.storyboard */; };
		74CD433A1F3ACA5F004BD368 /* SimpleWeather_.xcdatamodeld in Sources */ = {isa = PBXBuildFile; fileRef = 74CD43381F3ACA5F004BD368 /* SimpleWeather_.xcdatamodeld */; };
		74CD433C1F3ACA5F004BD368 /* Assets.xcassets in Resources */ = {isa = PBXBuildFile; fileRef = 74CD433B1F3ACA5F004BD368 /* Assets.xcassets */; };
		74CD433F1F3ACA5F004BD368 /* LaunchScreen.storyboard in Resources */ = {isa = PBXBuildFile; fileRef = 74CD433D1F3ACA5F004BD368 /* LaunchScreen.storyboard */; };
/* End PBXBuildFile section */

/* Begin PBXFileReference section */
		74CD432E1F3ACA5F004BD368 /* SimpleWeather!.app */ = {isa = PBXFileReference; explicitFileType = wrapper.application; includeInIndex = 0; path = "SimpleWeather!.app"; sourceTree = BUILT_PRODUCTS_DIR; };
		74CD43311F3ACA5F004BD368 /* AppDelegate.swift */ = {isa = PBXFileReference; lastKnownFileType = sourcecode.swift; path = AppDelegate.swift; sourceTree = "<group>"; };
		74CD43331F3ACA5F004BD368 /* ViewController.swift */ = {isa = PBXFileReference; lastKnownFileType = sourcecode.swift; path = ViewController.swift; sourceTree = "<group>"; };
		74CD43361F3ACA5F004BD368 /* Base */ = {isa = PBXFileReference; lastKnownFileType = file.storyboard; name = Base; path = Base.lproj/Main.storyboard; sourceTree = "<group>"; };
		74CD43391F3ACA5F004BD368 /* SimpleWeather_.xcdatamodel */ = {isa = PBXFileReference; lastKnownFileType = wrapper.xcdatamodel; path = SimpleWeather_.xcdatamodel; sourceTree = "<group>"; };
		74CD433B1F3ACA5F004BD368 /* Assets.xcassets */ = {isa = PBXFileReference; lastKnownFileType = folder.assetcatalog; path = Assets.xcassets; sourceTree = "<group>"; };
		74CD433E1F3ACA5F004BD368 /* Base */ = {isa = PBXFileReference; lastKnownFileType = file.storyboard; name = Base; path = Base.lproj/LaunchScreen.storyboard; sourceTree = "<group>"; };
		74CD43401F3ACA5F004BD368 /* Info.plist */ = {isa = PBXFileReference; lastKnownFileType = text.plist.xml; path = Info.plist; sourceTree = "<group>"; };
/* End PBXFileReference section */

/* Begin PBXFrameworksBuildPhase section */
		74CD432B1F3ACA5F004BD368 /* Frameworks */ = {
			isa = PBXFrameworksBuildPhase;
			buildActionMask = 2147483647;
			files = (
			);
			runOnlyForDeploymentPostprocessing = 0;
		};
/* End PBXFrameworksBuildPhase section */

/* Begin PBXGroup section */
		74CD43251F3ACA5F004BD368 = {
			isa = PBXGroup;
			children = (
				74CD43301F3ACA5F004BD368 /* SimpleWeather! */,
				74CD432F1F3ACA5F004BD368 /* Products */,
			);
			sourceTree = "<group>";
		};
		74CD432F1F3ACA5F004BD368 /* Products */ = {
			isa = PBXGroup;
			children = (
				74CD432E1F3ACA5F004BD368 /* SimpleWeather!.app */,
			);
			name = Products;
			sourceTree = "<group>";
		};
		74CD43301F3ACA5F004BD368 /* SimpleWeather! */ = {
			isa = PBXGroup;
			children = (
				74CD43311F3ACA5F004BD368 /* AppDelegate.swift */,
				74CD43331F3ACA5F004BD368 /* ViewController.swift */,
				74CD43351F3ACA5F004BD368 /* Main.storyboard */,
				74CD433B1F3ACA5F004BD368 /* Assets.xcassets */,
				74CD433D1F3ACA5F004BD368 /* LaunchScreen.storyboard */,
				74CD43401F3ACA5F004BD368 /* Info.plist */,
				74CD43381F3ACA5F004BD368 /* SimpleWeather_.xcdatamodeld */,
			);
			path = "SimpleWeather!";
			sourceTree = "<group>";
		};
/* End PBXGroup section */

/* Begin PBXNativeTarget section */
		74CD432D1F3ACA5F004BD368 /* SimpleWeather! */ = {
			isa = PBXNativeTarget;
			buildConfigurationList = 74CD43431F3ACA5F004BD368 /* Build configuration list for PBXNativeTarget "SimpleWeather!" */;
			buildPhases = (
				74CD432A1F3ACA5F004BD368 /* Sources */,
				74CD432B1F3ACA5F004BD368 /* Frameworks */,
				74CD432C1F3ACA5F004BD368 /* Resources */,
			);
			buildRules = (
			);
			dependencies = (
			);
			name = "SimpleWeather!";
			productName = "SimpleWeather!";
			productReference = 74CD432E1F3ACA5F004BD368 /* SimpleWeather!.app */;
			productType = "com.apple.product-type.application";
		};
/* End PBXNativeTarget section */

/* Begin PBXProject section */
		74CD43261F3ACA5F004BD368 /* Project object */ = {
			isa = PBXProject;
			attributes = {
				LastSwiftUpdateCheck = 0830;
				LastUpgradeCheck = 0830;
				ORGANIZATIONNAME = "Daniel Legler";
				TargetAttributes = {
					74CD432D1F3ACA5F004BD368 = {
						CreatedOnToolsVersion = 8.3.3;
						DevelopmentTeam = NZ4TW8FFF3;
						ProvisioningStyle = Automatic;
					};
				};
			};
			buildConfigurationList = 74CD43291F3ACA5F004BD368 /* Build configuration list for PBXProject "SimpleWeather!" */;
			compatibilityVersion = "Xcode 3.2";
			developmentRegion = English;
			hasScannedForEncodings = 0;
			knownRegions = (
				en,
				Base,
			);
			mainGroup = 74CD43251F3ACA5F004BD368;
			productRefGroup = 74CD432F1F3ACA5F004BD368 /* Products */;
			projectDirPath = "";
			projectRoot = "";
			targets = (
				74CD432D1F3ACA5F004BD368 /* SimpleWeather! */,
			);
		};
/* End PBXProject section */

/* Begin PBXResourcesBuildPhase section */
		74CD432C1F3ACA5F004BD368 /* Resources */ = {
			isa = PBXResourcesBuildPhase;
			buildActionMask = 2147483647;
			files = (
				74CD433F1F3ACA5F004BD368 /* LaunchScreen.storyboard in Resources */,
				74CD433C1F3ACA5F004BD368 /* Assets.xcassets in Resources */,
				74CD43371F3ACA5F004BD368 /* Main.storyboard in Resources */,
			);
			runOnlyForDeploymentPostprocessing = 0;
		};
/* End PBXResourcesBuildPhase section */

/* Begin PBXSourcesBuildPhase section */
		74CD432A1F3ACA5F004BD368 /* Sources */ = {
			isa = PBXSourcesBuildPhase;
			buildActionMask = 2147483647;
			files = (
				74CD433A1F3ACA5F004BD368 /* SimpleWeather_.xcdatamodeld in Sources */,
				74CD43341F3ACA5F004BD368 /* ViewController.swift in Sources */,
				74CD43321F3ACA5F004BD368 /* AppDelegate.swift in Sources */,
			);
			runOnlyForDeploymentPostprocessing = 0;
		};
/* End PBXSourcesBuildPhase section */

/* Begin PBXVariantGroup section */
		74CD43351F3ACA5F004BD368 /* Main.storyboard */ = {
			isa = PBXVariantGroup;
			children = (
				74CD43361F3ACA5F004BD368 /* Base */,
			);
			name = Main.storyboard;
			sourceTree = "<group>";
		};
		74CD433D1F3ACA5F004BD368 /* LaunchScreen.storyboard */ = {
			isa = PBXVariantGroup;
			children = (
				74CD433E1F3ACA5F004BD368 /* Base */,
			);
			name = LaunchScreen.storyboard;
			sourceTree = "<group>";
		};
/* End PBXVariantGroup section */

/* Begin XCBuildConfiguration section */
		74CD43411F3ACA5F004BD368 /* Debug */ = {
			isa = XCBuildConfiguration;
			buildSettings = {
				ALWAYS_SEARCH_USER_PATHS = NO;
				CLANG_ANALYZER_NONNULL = YES;
				CLANG_ANALYZER_NUMBER_OBJECT_CONVERSION = YES_AGGRESSIVE;
				CLANG_CXX_LANGUAGE_STANDARD = "gnu++0x";
				CLANG_CXX_LIBRARY = "libc++";
				CLANG_ENABLE_MODULES = YES;
				CLANG_ENABLE_OBJC_ARC = YES;
				CLANG_WARN_BOOL_CONVERSION = YES;
				CLANG_WARN_CONSTANT_CONVERSION = YES;
				CLANG_WARN_DIRECT_OBJC_ISA_USAGE = YES_ERROR;
				CLANG_WARN_DOCUMENTATION_COMMENTS = YES;
				CLANG_WARN_EMPTY_BODY = YES;
				CLANG_WARN_ENUM_CONVERSION = YES;
				CLANG_WARN_INFINITE_RECURSION = YES;
				CLANG_WARN_INT_CONVERSION = YES;
				CLANG_WARN_OBJC_ROOT_CLASS = YES_ERROR;
				CLANG_WARN_SUSPICIOUS_MOVE = YES;
				CLANG_WARN_UNREACHABLE_CODE = YES;
				CLANG_WARN__DUPLICATE_METHOD_MATCH = YES;
				"CODE_SIGN_IDENTITY[sdk=iphoneos*]" = "iPhone Developer";
				COPY_PHASE_STRIP = NO;
				DEBUG_INFORMATION_FORMAT = dwarf;
				ENABLE_STRICT_OBJC_MSGSEND = YES;
				ENABLE_TESTABILITY = YES;
				GCC_C_LANGUAGE_STANDARD = gnu99;
				GCC_DYNAMIC_NO_PIC = NO;
				GCC_NO_COMMON_BLOCKS = YES;
				GCC_OPTIMIZATION_LEVEL = 0;
				GCC_PREPROCESSOR_DEFINITIONS = (
					"DEBUG=1",
					"$(inherited)",
				);
				GCC_WARN_64_TO_32_BIT_CONVERSION = YES;
				GCC_WARN_ABOUT_RETURN_TYPE = YES_ERROR;
				GCC_WARN_UNDECLARED_SELECTOR = YES;
				GCC_WARN_UNINITIALIZED_AUTOS = YES_AGGRESSIVE;
				GCC_WARN_UNUSED_FUNCTION = YES;
				GCC_WARN_UNUSED_VARIABLE = YES;
				IPHONEOS_DEPLOYMENT_TARGET = 10.3;
				MTL_ENABLE_DEBUG_INFO = YES;
				ONLY_ACTIVE_ARCH = YES;
				SDKROOT = iphoneos;
				SWIFT_ACTIVE_COMPILATION_CONDITIONS = DEBUG;
				SWIFT_OPTIMIZATION_LEVEL = "-Onone";
			};
			name = Debug;
		};
		74CD43421F3ACA5F004BD368 /* Release */ = {
			isa = XCBuildConfiguration;
			buildSettings = {
				ALWAYS_SEARCH_USER_PATHS = NO;
				CLANG_ANALYZER_NONNULL = YES;
				CLANG_ANALYZER_NUMBER_OBJECT_CONVERSION = YES_AGGRESSIVE;
				CLANG_CXX_LANGUAGE_STANDARD = "gnu++0x";
				CLANG_CXX_LIBRARY = "libc++";
				CLANG_ENABLE_MODULES = YES;
				CLANG_ENABLE_OBJC_ARC = YES;
				CLANG_WARN_BOOL_CONVERSION = YES;
				CLANG_WARN_CONSTANT_CONVERSION = YES;
				CLANG_WARN_DIRECT_OBJC_ISA_USAGE = YES_ERROR;
				CLANG_WARN_DOCUMENTATION_COMMENTS = YES;
				CLANG_WARN_EMPTY_BODY = YES;
				CLANG_WARN_ENUM_CONVERSION = YES;
				CLANG_WARN_INFINITE_RECURSION = YES;
				CLANG_WARN_INT_CONVERSION = YES;
				CLANG_WARN_OBJC_ROOT_CLASS = YES_ERROR;
				CLANG_WARN_SUSPICIOUS_MOVE = YES;
				CLANG_WARN_UNREACHABLE_CODE = YES;
				CLANG_WARN__DUPLICATE_METHOD_MATCH = YES;
				"CODE_SIGN_IDENTITY[sdk=iphoneos*]" = "iPhone Developer";
				COPY_PHASE_STRIP = NO;
				DEBUG_INFORMATION_FORMAT = "dwarf-with-dsym";
				ENABLE_NS_ASSERTIONS = NO;
				ENABLE_STRICT_OBJC_MSGSEND = YES;
				GCC_C_LANGUAGE_STANDARD = gnu99;
				GCC_NO_COMMON_BLOCKS = YES;
				GCC_WARN_64_TO_32_BIT_CONVERSION = YES;
				GCC_WARN_ABOUT_RETURN_TYPE = YES_ERROR;
				GCC_WARN_UNDECLARED_SELECTOR = YES;
				GCC_WARN_UNINITIALIZED_AUTOS = YES_AGGRESSIVE;
				GCC_WARN_UNUSED_FUNCTION = YES;
				GCC_WARN_UNUSED_VARIABLE = YES;
				IPHONEOS_DEPLOYMENT_TARGET = 10.3;
				MTL_ENABLE_DEBUG_INFO = NO;
				SDKROOT = iphoneos;
				SWIFT_OPTIMIZATION_LEVEL = "-Owholemodule";
				VALIDATE_PRODUCT = YES;
			};
			name = Release;
		};
		74CD43441F3ACA5F004BD368 /* Debug */ = {
			isa = XCBuildConfiguration;
			buildSettings = {
				ASSETCATALOG_COMPILER_APPICON_NAME = AppIcon;
				DEVELOPMENT_TEAM = NZ4TW8FFF3;
				INFOPLIST_FILE = "SimpleWeather!/Info.plist";
				LD_RUNPATH_SEARCH_PATHS = "$(inherited) @executable_path/Frameworks";
				PRODUCT_BUNDLE_IDENTIFIER = "Legler.SimpleWeather-";
				PRODUCT_NAME = "$(TARGET_NAME)";
				SWIFT_VERSION = 3.0;
			};
			name = Debug;
		};
		74CD43451F3ACA5F004BD368 /* Release */ = {
			isa = XCBuildConfiguration;
			buildSettings = {
				ASSETCATALOG_COMPILER_APPICON_NAME = AppIcon;
				DEVELOPMENT_TEAM = NZ4TW8FFF3;
				INFOPLIST_FILE = "SimpleWeather!/Info.plist";
				LD_RUNPATH_SEARCH_PATHS = "$(inherited) @executable_path/Frameworks";
				PRODUCT_BUNDLE_IDENTIFIER = "Legler.SimpleWeather-";
				PRODUCT_NAME = "$(TARGET_NAME)";
				SWIFT_VERSION = 3.0;
			};
			name = Release;
		};
/* End XCBuildConfiguration section */

/* Begin XCConfigurationList section */
		74CD43291F3ACA5F004BD368 /* Build configuration list for PBXProject "SimpleWeather!" */ = {
			isa = XCConfigurationList;
			buildConfigurations = (
				74CD43411F3ACA5F004BD368 /* Debug */,
				74CD43421F3ACA5F004BD368 /* Release */,
			);
			defaultConfigurationIsVisible = 0;
			defaultConfigurationName = Release;
		};
		74CD43431F3ACA5F004BD368 /* Build configuration list for PBXNativeTarget "SimpleWeather!" */ = {
			isa = XCConfigurationList;
			buildConfigurations = (
				74CD43441F3ACA5F004BD368 /* Debug */,
				74CD43451F3ACA5F004BD368 /* Release */,
			);
			defaultConfigurationIsVisible = 0;
		};
/* End XCConfigurationList section */

/* Begin XCVersionGroup section */
		74CD43381F3ACA5F004BD368 /* SimpleWeather_.xcdatamodeld */ = {
			isa = XCVersionGroup;
			children = (
				74CD43391F3ACA5F004BD368 /* SimpleWeather_.xcdatamodel */,
			);
			currentVersion = 74CD43391F3ACA5F004BD368 /* SimpleWeather_.xcdatamodel */;
			path = SimpleWeather_.xcdatamodeld;
			sourceTree = "<group>";
			versionGroupType = wrapper.xcdatamodel;
		};
/* End XCVersionGroup section */
	};
	rootObject = 74CD43261F3ACA5F004BD368 /* Project object */;
}
